
Microsoft Visual Studio Solution File, Format Version 12.00
# Visual Studio 15
VisualStudioVersion = 15.0.27130.2036
MinimumVisualStudioVersion = 10.0.40219.1
Project("{9A19103F-16F7-4668-BE54-9A1E7A4F7556}") = "Monaco.Wpf", "src\Monaco.Wpf\Monaco.Wpf.csproj", "{9725DB78-6939-4430-8276-26636374B1B5}"
EndProject
Project("{FAE04EC0-301F-11D3-BF4B-00C04F79EFBC}") = "Monaco.Test", "test\Monaco.Test\Monaco.Test.csproj", "{4D0030E5-4B95-40B2-A5A5-A88809C1E31A}"
EndProject
Project("{2150E333-8FDC-42A3-9474-1A3956D46DE8}") = "misc", "misc", "{86BFAADC-1CB1-41F2-A871-2C12100CDAC3}"
	ProjectSection(SolutionItems) = preProject
		.gitignore = .gitignore
		readme.md = readme.md
	EndProjectSection
EndProject
Global
	GlobalSection(SolutionConfigurationPlatforms) = preSolution
		Debug|Any CPU = Debug|Any CPU
		Release|Any CPU = Release|Any CPU
	EndGlobalSection
	GlobalSection(ProjectConfigurationPlatforms) = postSolution
		{9725DB78-6939-4430-8276-26636374B1B5}.Debug|Any CPU.ActiveCfg = Debug|Any CPU
		{9725DB78-6939-4430-8276-26636374B1B5}.Debug|Any CPU.Build.0 = Debug|Any CPU
		{9725DB78-6939-4430-8276-26636374B1B5}.Release|Any CPU.ActiveCfg = Release|Any CPU
		{9725DB78-6939-4430-8276-26636374B1B5}.Release|Any CPU.Build.0 = Release|Any CPU
		{4D0030E5-4B95-40B2-A5A5-A88809C1E31A}.Debug|Any CPU.ActiveCfg = Debug|Any CPU
		{4D0030E5-4B95-40B2-A5A5-A88809C1E31A}.Debug|Any CPU.Build.0 = Debug|Any CPU
		{4D0030E5-4B95-40B2-A5A5-A88809C1E31A}.Release|Any CPU.ActiveCfg = Release|Any CPU
		{4D0030E5-4B95-40B2-A5A5-A88809C1E31A}.Release|Any CPU.Build.0 = Release|Any CPU
	EndGlobalSection
	GlobalSection(SolutionProperties) = preSolution
		HideSolutionNode = FALSE
	EndGlobalSection
	GlobalSection(ExtensibilityGlobals) = postSolution
		SolutionGuid = {A86F574F-1FE1-48BA-82B8-6B5ED555C343}
	EndGlobalSection
EndGlobal
